
Microsoft Visual Studio Solution File, Format Version 12.00
# Visual Studio Version 17
VisualStudioVersion = 17.8.34330.188
MinimumVisualStudioVersion = 10.0.40219.1
Project("{FAE04EC0-301F-11D3-BF4B-00C04F79EFBC}") = "Plathub", "Plathub.csproj", "{E81B143F-68DB-4F08-9EED-2A8CB578EFD9}"
EndProject
Global
	GlobalSection(SolutionConfigurationPlatforms) = preSolution
		Debug|Any CPU = Debug|Any CPU
		Release|Any CPU = Release|Any CPU
	EndGlobalSection
	GlobalSection(ProjectConfigurationPlatforms) = postSolution
		{E81B143F-68DB-4F08-9EED-2A8CB578EFD9}.Debug|Any CPU.ActiveCfg = Debug|Any CPU
		{E81B143F-68DB-4F08-9EED-2A8CB578EFD9}.Debug|Any CPU.Build.0 = Debug|Any CPU
		{E81B143F-68DB-4F08-9EED-2A8CB578EFD9}.Release|Any CPU.ActiveCfg = Release|Any CPU
		{E81B143F-68DB-4F08-9EED-2A8CB578EFD9}.Release|Any CPU.Build.0 = Release|Any CPU
	EndGlobalSection
	GlobalSection(SolutionProperties) = preSolution
		HideSolutionNode = FALSE
	EndGlobalSection
	GlobalSection(ExtensibilityGlobals) = postSolution
		SolutionGuid = {8D30AF3D-DD7A-4852-9819-04749D0269B3}
	EndGlobalSection
EndGlobal
